
Microsoft Visual Studio Solution File, Format Version 12.00
# Visual Studio Version 17
VisualStudioVersion = 17.5.33424.131
MinimumVisualStudioVersion = 10.0.40219.1
Project("{FAE04EC0-301F-11D3-BF4B-00C04F79EFBC}") = "App", "App\App.csproj", "{32C6C566-BA0E-4F89-8308-B61B002E9CE3}"
EndProject
Project("{FAE04EC0-301F-11D3-BF4B-00C04F79EFBC}") = "Test", "Test\Test.csproj", "{C30CAE86-6FBD-4180-BBEE-4939F7B7D964}"
EndProject
Global
	GlobalSection(SolutionConfigurationPlatforms) = preSolution
		Debug|Any CPU = Debug|Any CPU
		Release|Any CPU = Release|Any CPU
	EndGlobalSection
	GlobalSection(ProjectConfigurationPlatforms) = postSolution
		{32C6C566-BA0E-4F89-8308-B61B002E9CE3}.Debug|Any CPU.ActiveCfg = Debug|Any CPU
		{32C6C566-BA0E-4F89-8308-B61B002E9CE3}.Debug|Any CPU.Build.0 = Debug|Any CPU
		{32C6C566-BA0E-4F89-8308-B61B002E9CE3}.Release|Any CPU.ActiveCfg = Release|Any CPU
		{32C6C566-BA0E-4F89-8308-B61B002E9CE3}.Release|Any CPU.Build.0 = Release|Any CPU
		{C30CAE86-6FBD-4180-BBEE-4939F7B7D964}.Debug|Any CPU.ActiveCfg = Debug|Any CPU
		{C30CAE86-6FBD-4180-BBEE-4939F7B7D964}.Debug|Any CPU.Build.0 = Debug|Any CPU
		{C30CAE86-6FBD-4180-BBEE-4939F7B7D964}.Release|Any CPU.ActiveCfg = Release|Any CPU
		{C30CAE86-6FBD-4180-BBEE-4939F7B7D964}.Release|Any CPU.Build.0 = Release|Any CPU
	EndGlobalSection
	GlobalSection(SolutionProperties) = preSolution
		HideSolutionNode = FALSE
	EndGlobalSection
	GlobalSection(ExtensibilityGlobals) = postSolution
		SolutionGuid = {EC273FAE-8737-4F23-913D-8E8E74C5072E}
	EndGlobalSection
EndGlobal
